
Microsoft Visual Studio Solution File, Format Version 12.00
# Visual Studio Version 17
VisualStudioVersion = 17.1.32210.238
MinimumVisualStudioVersion = 10.0.40219.1
Project("{FAE04EC0-301F-11D3-BF4B-00C04F79EFBC}") = "SuperHero", "SuperHero.csproj", "{9B674C8F-1114-4BDC-97BF-9C4B79F42A87}"
EndProject
Global
	GlobalSection(SolutionConfigurationPlatforms) = preSolution
		Debug|Any CPU = Debug|Any CPU
		Release|Any CPU = Release|Any CPU
	EndGlobalSection
	GlobalSection(ProjectConfigurationPlatforms) = postSolution
		{9B674C8F-1114-4BDC-97BF-9C4B79F42A87}.Debug|Any CPU.ActiveCfg = Debug|Any CPU
		{9B674C8F-1114-4BDC-97BF-9C4B79F42A87}.Debug|Any CPU.Build.0 = Debug|Any CPU
		{9B674C8F-1114-4BDC-97BF-9C4B79F42A87}.Release|Any CPU.ActiveCfg = Release|Any CPU
		{9B674C8F-1114-4BDC-97BF-9C4B79F42A87}.Release|Any CPU.Build.0 = Release|Any CPU
	EndGlobalSection
	GlobalSection(SolutionProperties) = preSolution
		HideSolutionNode = FALSE
	EndGlobalSection
	GlobalSection(ExtensibilityGlobals) = postSolution
		SolutionGuid = {24BAE383-6716-4AE8-900B-1E978E8F181B}
	EndGlobalSection
EndGlobal
